
Microsoft Visual Studio Solution File, Format Version 12.00
# Visual Studio 15
VisualStudioVersion = 15.0.27004.2008
MinimumVisualStudioVersion = 10.0.40219.1
Project("{2150E333-8FDC-42A3-9474-1A3956D46DE8}") = "src", "src", "{3EC12833-9E63-43C8-A831-32351B04E1E7}"
EndProject
Project("{2150E333-8FDC-42A3-9474-1A3956D46DE8}") = "root", "root", "{03794C19-00FA-4D01-94D9-4B1B8FC6FE02}"
	ProjectSection(SolutionItems) = preProject
		.appveyor.yml = .appveyor.yml
		.editorconfig = .editorconfig
		.gitattributes = .gitattributes
		.gitignore = .gitignore
		LICENSE = LICENSE
		README.md = README.md
	EndProjectSection
EndProject
Project("{2150E333-8FDC-42A3-9474-1A3956D46DE8}") = "assets", "assets", "{73E40E52-5507-4918-8A5D-302C85691A0C}"
	ProjectSection(SolutionItems) = preProject
		assets\logo_128.png = assets\logo_128.png
		assets\logo_256.png = assets\logo_256.png
		assets\logo_32.png = assets\logo_32.png
		assets\logo_64.png = assets\logo_64.png
	EndProjectSection
EndProject
Project("{2150E333-8FDC-42A3-9474-1A3956D46DE8}") = "tests", "tests", "{00ED2823-8292-4F10-8728-BB45BE5B26D2}"
EndProject
Project("{9A19103F-16F7-4668-BE54-9A1E7A4F7556}") = "Colourful", "src\Colourful\Colourful.csproj", "{B9EC174E-55E6-423C-B30A-CE5FE6FA5310}"
EndProject
Project("{9A19103F-16F7-4668-BE54-9A1E7A4F7556}") = "Colourful.Tests", "tests\Colourful.Tests\Colourful.Tests.csproj", "{0A692080-39D3-41E0-AAA0-74F2F2615C80}"
EndProject
Global
	GlobalSection(SolutionConfigurationPlatforms) = preSolution
		Debug|Any CPU = Debug|Any CPU
		Release|Any CPU = Release|Any CPU
	EndGlobalSection
	GlobalSection(ProjectConfigurationPlatforms) = postSolution
		{B9EC174E-55E6-423C-B30A-CE5FE6FA5310}.Debug|Any CPU.ActiveCfg = Debug|Any CPU
		{B9EC174E-55E6-423C-B30A-CE5FE6FA5310}.Debug|Any CPU.Build.0 = Debug|Any CPU
		{B9EC174E-55E6-423C-B30A-CE5FE6FA5310}.Release|Any CPU.ActiveCfg = Release|Any CPU
		{B9EC174E-55E6-423C-B30A-CE5FE6FA5310}.Release|Any CPU.Build.0 = Release|Any CPU
		{0A692080-39D3-41E0-AAA0-74F2F2615C80}.Debug|Any CPU.ActiveCfg = Debug|Any CPU
		{0A692080-39D3-41E0-AAA0-74F2F2615C80}.Debug|Any CPU.Build.0 = Debug|Any CPU
		{0A692080-39D3-41E0-AAA0-74F2F2615C80}.Release|Any CPU.ActiveCfg = Release|Any CPU
		{0A692080-39D3-41E0-AAA0-74F2F2615C80}.Release|Any CPU.Build.0 = Release|Any CPU
	EndGlobalSection
	GlobalSection(SolutionProperties) = preSolution
		HideSolutionNode = FALSE
	EndGlobalSection
	GlobalSection(NestedProjects) = preSolution
		{B9EC174E-55E6-423C-B30A-CE5FE6FA5310} = {3EC12833-9E63-43C8-A831-32351B04E1E7}
		{0A692080-39D3-41E0-AAA0-74F2F2615C80} = {00ED2823-8292-4F10-8728-BB45BE5B26D2}
	EndGlobalSection
	GlobalSection(ExtensibilityGlobals) = postSolution
		SolutionGuid = {DE0C6BA9-E181-45E7-A8D8-148C5C6F9F47}
	EndGlobalSection
EndGlobal
