
Microsoft Visual Studio Solution File, Format Version 12.00
# Visual Studio 2012
Project("{FAE04EC0-301F-11D3-BF4B-00C04F79EFBC}") = "Colourful", "Colourful\Colourful.csproj", "{201BBCA3-F201-4E67-AEC5-998C3B4B4F25}"
EndProject
Global
	GlobalSection(SolutionConfigurationPlatforms) = preSolution
		Debug|Any CPU = Debug|Any CPU
		Release|Any CPU = Release|Any CPU
	EndGlobalSection
	GlobalSection(ProjectConfigurationPlatforms) = postSolution
		{201BBCA3-F201-4E67-AEC5-998C3B4B4F25}.Debug|Any CPU.ActiveCfg = Debug|Any CPU
		{201BBCA3-F201-4E67-AEC5-998C3B4B4F25}.Debug|Any CPU.Build.0 = Debug|Any CPU
		{201BBCA3-F201-4E67-AEC5-998C3B4B4F25}.Release|Any CPU.ActiveCfg = Release|Any CPU
		{201BBCA3-F201-4E67-AEC5-998C3B4B4F25}.Release|Any CPU.Build.0 = Release|Any CPU
	EndGlobalSection
	GlobalSection(SolutionProperties) = preSolution
		HideSolutionNode = FALSE
	EndGlobalSection
EndGlobal
