
Microsoft Visual Studio Solution File, Format Version 12.00
# Visual Studio 2013
VisualStudioVersion = 12.0.31101.0
MinimumVisualStudioVersion = 10.0.40219.1
Project("{FAE04EC0-301F-11D3-BF4B-00C04F79EFBC}") = "Colourful", "Colourful\Colourful.csproj", "{201BBCA3-F201-4E67-AEC5-998C3B4B4F25}"
EndProject
Project("{FAE04EC0-301F-11D3-BF4B-00C04F79EFBC}") = "Colourful.Tests", "Colourful.Tests\Colourful.Tests.csproj", "{7AC359A4-03E3-4842-90AD-4C5F02EFA81D}"
EndProject
Project("{2150E333-8FDC-42A3-9474-1A3956D46DE8}") = ".nuget", ".nuget", "{ACF69B61-A54A-47C1-9E7C-3EF2B50471DD}"
	ProjectSection(SolutionItems) = preProject
		.nuget\NuGet.Config = .nuget\NuGet.Config
		.nuget\NuGet.exe = .nuget\NuGet.exe
		.nuget\NuGet.targets = .nuget\NuGet.targets
	EndProjectSection
EndProject
Project("{2150E333-8FDC-42A3-9474-1A3956D46DE8}") = "Build", "Build", "{E40DFE25-7728-46C2-AE04-3064226751B2}"
	ProjectSection(SolutionItems) = preProject
		..\build.fsx = ..\build.fsx
	EndProjectSection
EndProject
Project("{FAE04EC0-301F-11D3-BF4B-00C04F79EFBC}") = "Colourful.Net45", "Colourful.Net45\Colourful.Net45.csproj", "{5D4FAEB4-2176-4895-BB17-DCF6E69D142B}"
EndProject
Global
	GlobalSection(SolutionConfigurationPlatforms) = preSolution
		Debug|Any CPU = Debug|Any CPU
		Release (.NET 3.5)|Any CPU = Release (.NET 3.5)|Any CPU
		Release (.NET 4.0)|Any CPU = Release (.NET 4.0)|Any CPU
		Release|Any CPU = Release|Any CPU
		ReleaseAll|Any CPU = ReleaseAll|Any CPU
	EndGlobalSection
	GlobalSection(ProjectConfigurationPlatforms) = postSolution
		{201BBCA3-F201-4E67-AEC5-998C3B4B4F25}.Debug|Any CPU.ActiveCfg = Debug|Any CPU
		{201BBCA3-F201-4E67-AEC5-998C3B4B4F25}.Debug|Any CPU.Build.0 = Debug|Any CPU
		{201BBCA3-F201-4E67-AEC5-998C3B4B4F25}.Release (.NET 3.5)|Any CPU.ActiveCfg = Release (.NET 3.5)|Any CPU
		{201BBCA3-F201-4E67-AEC5-998C3B4B4F25}.Release (.NET 3.5)|Any CPU.Build.0 = Release (.NET 3.5)|Any CPU
		{201BBCA3-F201-4E67-AEC5-998C3B4B4F25}.Release (.NET 4.0)|Any CPU.ActiveCfg = Release (.NET 4.0)|Any CPU
		{201BBCA3-F201-4E67-AEC5-998C3B4B4F25}.Release (.NET 4.0)|Any CPU.Build.0 = Release (.NET 4.0)|Any CPU
		{201BBCA3-F201-4E67-AEC5-998C3B4B4F25}.Release|Any CPU.ActiveCfg = Release|Any CPU
		{201BBCA3-F201-4E67-AEC5-998C3B4B4F25}.Release|Any CPU.Build.0 = Release|Any CPU
		{201BBCA3-F201-4E67-AEC5-998C3B4B4F25}.ReleaseAll|Any CPU.ActiveCfg = ReleaseAll|Any CPU
		{201BBCA3-F201-4E67-AEC5-998C3B4B4F25}.ReleaseAll|Any CPU.Build.0 = ReleaseAll|Any CPU
		{7AC359A4-03E3-4842-90AD-4C5F02EFA81D}.Debug|Any CPU.ActiveCfg = Debug|Any CPU
		{7AC359A4-03E3-4842-90AD-4C5F02EFA81D}.Debug|Any CPU.Build.0 = Debug|Any CPU
		{7AC359A4-03E3-4842-90AD-4C5F02EFA81D}.Release (.NET 3.5)|Any CPU.ActiveCfg = Debug|Any CPU
		{7AC359A4-03E3-4842-90AD-4C5F02EFA81D}.Release (.NET 3.5)|Any CPU.Build.0 = Debug|Any CPU
		{7AC359A4-03E3-4842-90AD-4C5F02EFA81D}.Release (.NET 4.0)|Any CPU.ActiveCfg = Debug|Any CPU
		{7AC359A4-03E3-4842-90AD-4C5F02EFA81D}.Release (.NET 4.0)|Any CPU.Build.0 = Debug|Any CPU
		{7AC359A4-03E3-4842-90AD-4C5F02EFA81D}.Release|Any CPU.ActiveCfg = Debug|Any CPU
		{7AC359A4-03E3-4842-90AD-4C5F02EFA81D}.Release|Any CPU.Build.0 = Debug|Any CPU
		{7AC359A4-03E3-4842-90AD-4C5F02EFA81D}.ReleaseAll|Any CPU.ActiveCfg = Debug|Any CPU
		{7AC359A4-03E3-4842-90AD-4C5F02EFA81D}.ReleaseAll|Any CPU.Build.0 = Debug|Any CPU
		{5D4FAEB4-2176-4895-BB17-DCF6E69D142B}.Debug|Any CPU.ActiveCfg = Debug|Any CPU
		{5D4FAEB4-2176-4895-BB17-DCF6E69D142B}.Debug|Any CPU.Build.0 = Debug|Any CPU
		{5D4FAEB4-2176-4895-BB17-DCF6E69D142B}.Release (.NET 3.5)|Any CPU.ActiveCfg = Release|Any CPU
		{5D4FAEB4-2176-4895-BB17-DCF6E69D142B}.Release (.NET 3.5)|Any CPU.Build.0 = Release|Any CPU
		{5D4FAEB4-2176-4895-BB17-DCF6E69D142B}.Release (.NET 4.0)|Any CPU.ActiveCfg = Release|Any CPU
		{5D4FAEB4-2176-4895-BB17-DCF6E69D142B}.Release (.NET 4.0)|Any CPU.Build.0 = Release|Any CPU
		{5D4FAEB4-2176-4895-BB17-DCF6E69D142B}.Release|Any CPU.ActiveCfg = Release|Any CPU
		{5D4FAEB4-2176-4895-BB17-DCF6E69D142B}.Release|Any CPU.Build.0 = Release|Any CPU
		{5D4FAEB4-2176-4895-BB17-DCF6E69D142B}.ReleaseAll|Any CPU.ActiveCfg = Release|Any CPU
		{5D4FAEB4-2176-4895-BB17-DCF6E69D142B}.ReleaseAll|Any CPU.Build.0 = Release|Any CPU
	EndGlobalSection
	GlobalSection(SolutionProperties) = preSolution
		HideSolutionNode = FALSE
	EndGlobalSection
EndGlobal
